
Microsoft Visual Studio Solution File, Format Version 12.00
# Visual Studio 15
VisualStudioVersion = 15.0.26430.15
MinimumVisualStudioVersion = 10.0.40219.1
Project("{FAE04EC0-301F-11D3-BF4B-00C04F79EFBC}") = "AnuncieNovo", "AnuncieNovo\AnuncieNovo.csproj", "{4B4C4AC4-C837-478E-B541-6278DE32D396}"
EndProject
Project("{2150E333-8FDC-42A3-9474-1A3956D46DE8}") = "Solutions Items", "Solutions Items", "{67068C64-09C2-4282-AC11-ADAA879A7DBC}"
	ProjectSection(SolutionItems) = preProject
		AN.Chrome.runsettings = AN.Chrome.runsettings
		AN.Edge.runsettings = AN.Edge.runsettings
		AN.Firefox.runsettings = AN.Firefox.runsettings
		AN.Homol.Chrome.runsettings = AN.Homol.Chrome.runsettings
		AN.Homol.Edge.runsettings = AN.Homol.Edge.runsettings
		AN.Homol.Firefox.runsettings = AN.Homol.Firefox.runsettings
		AN.Homol.IE.runsettings = AN.Homol.IE.runsettings
		AN.IE.runsettings = AN.IE.runsettings
	EndProjectSection
EndProject
Global
	GlobalSection(SolutionConfigurationPlatforms) = preSolution
		Debug|Any CPU = Debug|Any CPU
		Release|Any CPU = Release|Any CPU
	EndGlobalSection
	GlobalSection(ProjectConfigurationPlatforms) = postSolution
		{4B4C4AC4-C837-478E-B541-6278DE32D396}.Debug|Any CPU.ActiveCfg = Debug|Any CPU
		{4B4C4AC4-C837-478E-B541-6278DE32D396}.Debug|Any CPU.Build.0 = Debug|Any CPU
		{4B4C4AC4-C837-478E-B541-6278DE32D396}.Release|Any CPU.ActiveCfg = Release|Any CPU
		{4B4C4AC4-C837-478E-B541-6278DE32D396}.Release|Any CPU.Build.0 = Release|Any CPU
	EndGlobalSection
	GlobalSection(SolutionProperties) = preSolution
		HideSolutionNode = FALSE
	EndGlobalSection
	GlobalSection(TeamFoundationVersionControl) = preSolution
		SccNumberOfProjects = 2
		SccEnterpriseProvider = {4CA58AB2-18FA-4F8D-95D4-32DDF27D184C}
		SccTeamFoundationServer = https://zapcorp.visualstudio.com/
		SccLocalPath0 = .
		SccProjectUniqueName1 = AnuncieNovo\\AnuncieNovo.csproj
		SccProjectName1 = AnuncieNovo
		SccLocalPath1 = AnuncieNovo
	EndGlobalSection
EndGlobal
